// !$*UTF8*$!
{
	archiveVersion = 1;
	classes = {
	};
	objectVersion = 77;
	objects = {

/* Begin PBXContainerItemProxy section */
		185384BE2E6AE0AD006735D8 /* PBXContainerItemProxy */ = {
			isa = PBXContainerItemProxy;
			containerPortal = 185384A32E6AE0AC006735D8 /* Project object */;
			proxyType = 1;
			remoteGlobalIDString = 185384AA2E6AE0AC006735D8;
			remoteInfo = "MVVM-Clean-Architecture-principles-SwiftUI-";
		};
		185384C82E6AE0AD006735D8 /* PBXContainerItemProxy */ = {
			isa = PBXContainerItemProxy;
			containerPortal = 185384A32E6AE0AC006735D8 /* Project object */;
			proxyType = 1;
			remoteGlobalIDString = 185384AA2E6AE0AC006735D8;
			remoteInfo = "MVVM-Clean-Architecture-principles-SwiftUI-";
		};
/* End PBXContainerItemProxy section */

/* Begin PBXFileReference section */
		185384AB2E6AE0AC006735D8 /* MVVM-Clean-Architecture-principles-SwiftUI-.app */ = {isa = PBXFileReference; explicitFileType = wrapper.application; includeInIndex = 0; path = "MVVM-Clean-Architecture-principles-SwiftUI-.app"; sourceTree = BUILT_PRODUCTS_DIR; };
		185384BD2E6AE0AD006735D8 /* MVVM-Clean-Architecture-principles-SwiftUI-Tests.xctest */ = {isa = PBXFileReference; explicitFileType = wrapper.cfbundle; includeInIndex = 0; path = "MVVM-Clean-Architecture-principles-SwiftUI-Tests.xctest"; sourceTree = BUILT_PRODUCTS_DIR; };
		185384C72E6AE0AD006735D8 /* MVVM-Clean-Architecture-principles-SwiftUI-UITests.xctest */ = {isa = PBXFileReference; explicitFileType = wrapper.cfbundle; includeInIndex = 0; path = "MVVM-Clean-Architecture-principles-SwiftUI-UITests.xctest"; sourceTree = BUILT_PRODUCTS_DIR; };
/* End PBXFileReference section */

/* Begin PBXFileSystemSynchronizedRootGroup section */
		185384AD2E6AE0AC006735D8 /* MVVM-Clean-Architecture-principles-SwiftUI- */ = {
			isa = PBXFileSystemSynchronizedRootGroup;
			path = "MVVM-Clean-Architecture-principles-SwiftUI-";
			sourceTree = "<group>";
		};
		185384C02E6AE0AD006735D8 /* MVVM-Clean-Architecture-principles-SwiftUI-Tests */ = {
			isa = PBXFileSystemSynchronizedRootGroup;
			path = "MVVM-Clean-Architecture-principles-SwiftUI-Tests";
			sourceTree = "<group>";
		};
		185384CA2E6AE0AD006735D8 /* MVVM-Clean-Architecture-principles-SwiftUI-UITests */ = {
			isa = PBXFileSystemSynchronizedRootGroup;
			path = "MVVM-Clean-Architecture-principles-SwiftUI-UITests";
			sourceTree = "<group>";
		};
/* End PBXFileSystemSynchronizedRootGroup section */

/* Begin PBXFrameworksBuildPhase section */
		185384A82E6AE0AC006735D8 /* Frameworks */ = {
			isa = PBXFrameworksBuildPhase;
			buildActionMask = 2147483647;
			files = (
			);
			runOnlyForDeploymentPostprocessing = 0;
		};
		185384BA2E6AE0AD006735D8 /* Frameworks */ = {
			isa = PBXFrameworksBuildPhase;
			buildActionMask = 2147483647;
			files = (
			);
			runOnlyForDeploymentPostprocessing = 0;
		};
		185384C42E6AE0AD006735D8 /* Frameworks */ = {
			isa = PBXFrameworksBuildPhase;
			buildActionMask = 2147483647;
			files = (
			);
			runOnlyForDeploymentPostprocessing = 0;
		};
/* End PBXFrameworksBuildPhase section */

/* Begin PBXGroup section */
		185384A22E6AE0AC006735D8 = {
			isa = PBXGroup;
			children = (
				185384AD2E6AE0AC006735D8 /* MVVM-Clean-Architecture-principles-SwiftUI- */,
				185384C02E6AE0AD006735D8 /* MVVM-Clean-Architecture-principles-SwiftUI-Tests */,
				185384CA2E6AE0AD006735D8 /* MVVM-Clean-Architecture-principles-SwiftUI-UITests */,
				185384AC2E6AE0AC006735D8 /* Products */,
			);
			sourceTree = "<group>";
		};
		185384AC2E6AE0AC006735D8 /* Products */ = {
			isa = PBXGroup;
			children = (
				185384AB2E6AE0AC006735D8 /* MVVM-Clean-Architecture-principles-SwiftUI-.app */,
				185384BD2E6AE0AD006735D8 /* MVVM-Clean-Architecture-principles-SwiftUI-Tests.xctest */,
				185384C72E6AE0AD006735D8 /* MVVM-Clean-Architecture-principles-SwiftUI-UITests.xctest */,
			);
			name = Products;
			sourceTree = "<group>";
		};
/* End PBXGroup section */

/* Begin PBXNativeTarget section */
		185384AA2E6AE0AC006735D8 /* MVVM-Clean-Architecture-principles-SwiftUI- */ = {
			isa = PBXNativeTarget;
			buildConfigurationList = 185384D12E6AE0AD006735D8 /* Build configuration list for PBXNativeTarget "MVVM-Clean-Architecture-principles-SwiftUI-" */;
			buildPhases = (
				185384A72E6AE0AC006735D8 /* Sources */,
				185384A82E6AE0AC006735D8 /* Frameworks */,
				185384A92E6AE0AC006735D8 /* Resources */,
			);
			buildRules = (
			);
			dependencies = (
			);
			fileSystemSynchronizedGroups = (
				185384AD2E6AE0AC006735D8 /* MVVM-Clean-Architecture-principles-SwiftUI- */,
			);
			name = "MVVM-Clean-Architecture-principles-SwiftUI-";
			packageProductDependencies = (
			);
			productName = "MVVM-Clean-Architecture-principles-SwiftUI-";
			productReference = 185384AB2E6AE0AC006735D8 /* MVVM-Clean-Architecture-principles-SwiftUI-.app */;
			productType = "com.apple.product-type.application";
		};
		185384BC2E6AE0AD006735D8 /* MVVM-Clean-Architecture-principles-SwiftUI-Tests */ = {
			isa = PBXNativeTarget;
			buildConfigurationList = 185384D42E6AE0AD006735D8 /* Build configuration list for PBXNativeTarget "MVVM-Clean-Architecture-principles-SwiftUI-Tests" */;
			buildPhases = (
				185384B92E6AE0AD006735D8 /* Sources */,
				185384BA2E6AE0AD006735D8 /* Frameworks */,
				185384BB2E6AE0AD006735D8 /* Resources */,
			);
			buildRules = (
			);
			dependencies = (
				185384BF2E6AE0AD006735D8 /* PBXTargetDependency */,
			);
			fileSystemSynchronizedGroups = (
				185384C02E6AE0AD006735D8 /* MVVM-Clean-Architecture-principles-SwiftUI-Tests */,
			);
			name = "MVVM-Clean-Architecture-principles-SwiftUI-Tests";
			packageProductDependencies = (
			);
			productName = "MVVM-Clean-Architecture-principles-SwiftUI-Tests";
			productReference = 185384BD2E6AE0AD006735D8 /* MVVM-Clean-Architecture-principles-SwiftUI-Tests.xctest */;
			productType = "com.apple.product-type.bundle.unit-test";
		};
		185384C62E6AE0AD006735D8 /* MVVM-Clean-Architecture-principles-SwiftUI-UITests */ = {
			isa = PBXNativeTarget;
			buildConfigurationList = 185384D72E6AE0AD006735D8 /* Build configuration list for PBXNativeTarget "MVVM-Clean-Architecture-principles-SwiftUI-UITests" */;
			buildPhases = (
				185384C32E6AE0AD006735D8 /* Sources */,
				185384C42E6AE0AD006735D8 /* Frameworks */,
				185384C52E6AE0AD006735D8 /* Resources */,
			);
			buildRules = (
			);
			dependencies = (
				185384C92E6AE0AD006735D8 /* PBXTargetDependency */,
			);
			fileSystemSynchronizedGroups = (
				185384CA2E6AE0AD006735D8 /* MVVM-Clean-Architecture-principles-SwiftUI-UITests */,
			);
			name = "MVVM-Clean-Architecture-principles-SwiftUI-UITests";
			packageProductDependencies = (
			);
			productName = "MVVM-Clean-Architecture-principles-SwiftUI-UITests";
			productReference = 185384C72E6AE0AD006735D8 /* MVVM-Clean-Architecture-principles-SwiftUI-UITests.xctest */;
			productType = "com.apple.product-type.bundle.ui-testing";
		};
/* End PBXNativeTarget section */

/* Begin PBXProject section */
		185384A32E6AE0AC006735D8 /* Project object */ = {
			isa = PBXProject;
			attributes = {
				BuildIndependentTargetsInParallel = 1;
				LastSwiftUpdateCheck = 1620;
				LastUpgradeCheck = 1620;
				TargetAttributes = {
					185384AA2E6AE0AC006735D8 = {
						CreatedOnToolsVersion = 16.2;
					};
					185384BC2E6AE0AD006735D8 = {
						CreatedOnToolsVersion = 16.2;
						TestTargetID = 185384AA2E6AE0AC006735D8;
					};
					185384C62E6AE0AD006735D8 = {
						CreatedOnToolsVersion = 16.2;
						TestTargetID = 185384AA2E6AE0AC006735D8;
					};
				};
			};
			buildConfigurationList = 185384A62E6AE0AC006735D8 /* Build configuration list for PBXProject "MVVM-Clean-Architecture-principles-SwiftUI-" */;
			developmentRegion = en;
			hasScannedForEncodings = 0;
			knownRegions = (
				en,
				Base,
			);
			mainGroup = 185384A22E6AE0AC006735D8;
			minimizedProjectReferenceProxies = 1;
			preferredProjectObjectVersion = 77;
			productRefGroup = 185384AC2E6AE0AC006735D8 /* Products */;
			projectDirPath = "";
			projectRoot = "";
			targets = (
				185384AA2E6AE0AC006735D8 /* MVVM-Clean-Architecture-principles-SwiftUI- */,
				185384BC2E6AE0AD006735D8 /* MVVM-Clean-Architecture-principles-SwiftUI-Tests */,
				185384C62E6AE0AD006735D8 /* MVVM-Clean-Architecture-principles-SwiftUI-UITests */,
			);
		};
/* End PBXProject section */

/* Begin PBXResourcesBuildPhase section */
		185384A92E6AE0AC006735D8 /* Resources */ = {
			isa = PBXResourcesBuildPhase;
			buildActionMask = 2147483647;
			files = (
			);
			runOnlyForDeploymentPostprocessing = 0;
		};
		185384BB2E6AE0AD006735D8 /* Resources */ = {
			isa = PBXResourcesBuildPhase;
			buildActionMask = 2147483647;
			files = (
			);
			runOnlyForDeploymentPostprocessing = 0;
		};
		185384C52E6AE0AD006735D8 /* Resources */ = {
			isa = PBXResourcesBuildPhase;
			buildActionMask = 2147483647;
			files = (
			);
			runOnlyForDeploymentPostprocessing = 0;
		};
/* End PBXResourcesBuildPhase section */

/* Begin PBXSourcesBuildPhase section */
		185384A72E6AE0AC006735D8 /* Sources */ = {
			isa = PBXSourcesBuildPhase;
			buildActionMask = 2147483647;
			files = (
			);
			runOnlyForDeploymentPostprocessing = 0;
		};
		185384B92E6AE0AD006735D8 /* Sources */ = {
			isa = PBXSourcesBuildPhase;
			buildActionMask = 2147483647;
			files = (
			);
			runOnlyForDeploymentPostprocessing = 0;
		};
		185384C32E6AE0AD006735D8 /* Sources */ = {
			isa = PBXSourcesBuildPhase;
			buildActionMask = 2147483647;
			files = (
			);
			runOnlyForDeploymentPostprocessing = 0;
		};
/* End PBXSourcesBuildPhase section */

/* Begin PBXTargetDependency section */
		185384BF2E6AE0AD006735D8 /* PBXTargetDependency */ = {
			isa = PBXTargetDependency;
			target = 185384AA2E6AE0AC006735D8 /* MVVM-Clean-Architecture-principles-SwiftUI- */;
			targetProxy = 185384BE2E6AE0AD006735D8 /* PBXContainerItemProxy */;
		};
		185384C92E6AE0AD006735D8 /* PBXTargetDependency */ = {
			isa = PBXTargetDependency;
			target = 185384AA2E6AE0AC006735D8 /* MVVM-Clean-Architecture-principles-SwiftUI- */;
			targetProxy = 185384C82E6AE0AD006735D8 /* PBXContainerItemProxy */;
		};
/* End PBXTargetDependency section */

/* Begin XCBuildConfiguration section */
		185384CF2E6AE0AD006735D8 /* Debug */ = {
			isa = XCBuildConfiguration;
			buildSettings = {
				ALWAYS_SEARCH_USER_PATHS = NO;
				ASSETCATALOG_COMPILER_GENERATE_SWIFT_ASSET_SYMBOL_EXTENSIONS = YES;
				CLANG_ANALYZER_NONNULL = YES;
				CLANG_ANALYZER_NUMBER_OBJECT_CONVERSION = YES_AGGRESSIVE;
				CLANG_CXX_LANGUAGE_STANDARD = "gnu++20";
				CLANG_ENABLE_MODULES = YES;
				CLANG_ENABLE_OBJC_ARC = YES;
				CLANG_ENABLE_OBJC_WEAK = YES;
				CLANG_WARN_BLOCK_CAPTURE_AUTORELEASING = YES;
				CLANG_WARN_BOOL_CONVERSION = YES;
				CLANG_WARN_COMMA = YES;
				CLANG_WARN_CONSTANT_CONVERSION = YES;
				CLANG_WARN_DEPRECATED_OBJC_IMPLEMENTATIONS = YES;
				CLANG_WARN_DIRECT_OBJC_ISA_USAGE = YES_ERROR;
				CLANG_WARN_DOCUMENTATION_COMMENTS = YES;
				CLANG_WARN_EMPTY_BODY = YES;
				CLANG_WARN_ENUM_CONVERSION = YES;
				CLANG_WARN_INFINITE_RECURSION = YES;
				CLANG_WARN_INT_CONVERSION = YES;
				CLANG_WARN_NON_LITERAL_NULL_CONVERSION = YES;
				CLANG_WARN_OBJC_IMPLICIT_RETAIN_SELF = YES;
				CLANG_WARN_OBJC_LITERAL_CONVERSION = YES;
				CLANG_WARN_OBJC_ROOT_CLASS = YES_ERROR;
				CLANG_WARN_QUOTED_INCLUDE_IN_FRAMEWORK_HEADER = YES;
				CLANG_WARN_RANGE_LOOP_ANALYSIS = YES;
				CLANG_WARN_STRICT_PROTOTYPES = YES;
				CLANG_WARN_SUSPICIOUS_MOVE = YES;
				CLANG_WARN_UNGUARDED_AVAILABILITY = YES_AGGRESSIVE;
				CLANG_WARN_UNREACHABLE_CODE = YES;
				CLANG_WARN__DUPLICATE_METHOD_MATCH = YES;
				COPY_PHASE_STRIP = NO;
				DEBUG_INFORMATION_FORMAT = dwarf;
				ENABLE_STRICT_OBJC_MSGSEND = YES;
				ENABLE_TESTABILITY = YES;
				ENABLE_USER_SCRIPT_SANDBOXING = YES;
				GCC_C_LANGUAGE_STANDARD = gnu17;
				GCC_DYNAMIC_NO_PIC = NO;
				GCC_NO_COMMON_BLOCKS = YES;
				GCC_OPTIMIZATION_LEVEL = 0;
				GCC_PREPROCESSOR_DEFINITIONS = (
					"DEBUG=1",
					"$(inherited)",
				);
				GCC_WARN_64_TO_32_BIT_CONVERSION = YES;
				GCC_WARN_ABOUT_RETURN_TYPE = YES_ERROR;
				GCC_WARN_UNDECLARED_SELECTOR = YES;
				GCC_WARN_UNINITIALIZED_AUTOS = YES_AGGRESSIVE;
				GCC_WARN_UNUSED_FUNCTION = YES;
				GCC_WARN_UNUSED_VARIABLE = YES;
				IPHONEOS_DEPLOYMENT_TARGET = 18.2;
				LOCALIZATION_PREFERS_STRING_CATALOGS = YES;
				MTL_ENABLE_DEBUG_INFO = INCLUDE_SOURCE;
				MTL_FAST_MATH = YES;
				ONLY_ACTIVE_ARCH = YES;
				SDKROOT = iphoneos;
				SWIFT_ACTIVE_COMPILATION_CONDITIONS = "DEBUG $(inherited)";
				SWIFT_OPTIMIZATION_LEVEL = "-Onone";
			};
			name = Debug;
		};
		185384D02E6AE0AD006735D8 /* Release */ = {
			isa = XCBuildConfiguration;
			buildSettings = {
				ALWAYS_SEARCH_USER_PATHS = NO;
				ASSETCATALOG_COMPILER_GENERATE_SWIFT_ASSET_SYMBOL_EXTENSIONS = YES;
				CLANG_ANALYZER_NONNULL = YES;
				CLANG_ANALYZER_NUMBER_OBJECT_CONVERSION = YES_AGGRESSIVE;
				CLANG_CXX_LANGUAGE_STANDARD = "gnu++20";
				CLANG_ENABLE_MODULES = YES;
				CLANG_ENABLE_OBJC_ARC = YES;
				CLANG_ENABLE_OBJC_WEAK = YES;
				CLANG_WARN_BLOCK_CAPTURE_AUTORELEASING = YES;
				CLANG_WARN_BOOL_CONVERSION = YES;
				CLANG_WARN_COMMA = YES;
				CLANG_WARN_CONSTANT_CONVERSION = YES;
				CLANG_WARN_DEPRECATED_OBJC_IMPLEMENTATIONS = YES;
				CLANG_WARN_DIRECT_OBJC_ISA_USAGE = YES_ERROR;
				CLANG_WARN_DOCUMENTATION_COMMENTS = YES;
				CLANG_WARN_EMPTY_BODY = YES;
				CLANG_WARN_ENUM_CONVERSION = YES;
				CLANG_WARN_INFINITE_RECURSION = YES;
				CLANG_WARN_INT_CONVERSION = YES;
				CLANG_WARN_NON_LITERAL_NULL_CONVERSION = YES;
				CLANG_WARN_OBJC_IMPLICIT_RETAIN_SELF = YES;
				CLANG_WARN_OBJC_LITERAL_CONVERSION = YES;
				CLANG_WARN_OBJC_ROOT_CLASS = YES_ERROR;
				CLANG_WARN_QUOTED_INCLUDE_IN_FRAMEWORK_HEADER = YES;
				CLANG_WARN_RANGE_LOOP_ANALYSIS = YES;
				CLANG_WARN_STRICT_PROTOTYPES = YES;
				CLANG_WARN_SUSPICIOUS_MOVE = YES;
				CLANG_WARN_UNGUARDED_AVAILABILITY = YES_AGGRESSIVE;
				CLANG_WARN_UNREACHABLE_CODE = YES;
				CLANG_WARN__DUPLICATE_METHOD_MATCH = YES;
				COPY_PHASE_STRIP = NO;
				DEBUG_INFORMATION_FORMAT = "dwarf-with-dsym";
				ENABLE_NS_ASSERTIONS = NO;
				ENABLE_STRICT_OBJC_MSGSEND = YES;
				ENABLE_USER_SCRIPT_SANDBOXING = YES;
				GCC_C_LANGUAGE_STANDARD = gnu17;
				GCC_NO_COMMON_BLOCKS = YES;
				GCC_WARN_64_TO_32_BIT_CONVERSION = YES;
				GCC_WARN_ABOUT_RETURN_TYPE = YES_ERROR;
				GCC_WARN_UNDECLARED_SELECTOR = YES;
				GCC_WARN_UNINITIALIZED_AUTOS = YES_AGGRESSIVE;
				GCC_WARN_UNUSED_FUNCTION = YES;
				GCC_WARN_UNUSED_VARIABLE = YES;
				IPHONEOS_DEPLOYMENT_TARGET = 18.2;
				LOCALIZATION_PREFERS_STRING_CATALOGS = YES;
				MTL_ENABLE_DEBUG_INFO = NO;
				MTL_FAST_MATH = YES;
				SDKROOT = iphoneos;
				SWIFT_COMPILATION_MODE = wholemodule;
				VALIDATE_PRODUCT = YES;
			};
			name = Release;
		};
		185384D22E6AE0AD006735D8 /* Debug */ = {
			isa = XCBuildConfiguration;
			buildSettings = {
				ASSETCATALOG_COMPILER_APPICON_NAME = AppIcon;
				ASSETCATALOG_COMPILER_GLOBAL_ACCENT_COLOR_NAME = AccentColor;
				CODE_SIGN_STYLE = Automatic;
				CURRENT_PROJECT_VERSION = 1;
				DEVELOPMENT_ASSET_PATHS = "\"MVVM-Clean-Architecture-principles-SwiftUI-/Preview Content\"";
				DEVELOPMENT_TEAM = TYXXJDPQ2N;
				ENABLE_PREVIEWS = YES;
				GENERATE_INFOPLIST_FILE = YES;
				INFOPLIST_KEY_UIApplicationSceneManifest_Generation = YES;
				INFOPLIST_KEY_UIApplicationSupportsIndirectInputEvents = YES;
				INFOPLIST_KEY_UILaunchScreen_Generation = YES;
				INFOPLIST_KEY_UISupportedInterfaceOrientations_iPad = "UIInterfaceOrientationPortrait UIInterfaceOrientationPortraitUpsideDown UIInterfaceOrientationLandscapeLeft UIInterfaceOrientationLandscapeRight";
				INFOPLIST_KEY_UISupportedInterfaceOrientations_iPhone = "UIInterfaceOrientationPortrait UIInterfaceOrientationLandscapeLeft UIInterfaceOrientationLandscapeRight";
				LD_RUNPATH_SEARCH_PATHS = (
					"$(inherited)",
					"@executable_path/Frameworks",
				);
				MARKETING_VERSION = 1.0;
				PRODUCT_BUNDLE_IDENTIFIER = "IamSam.MVVM-Clean-Architecture-principles-SwiftUI-";
				PRODUCT_NAME = "$(TARGET_NAME)";
				SWIFT_EMIT_LOC_STRINGS = YES;
				SWIFT_VERSION = 5.0;
				TARGETED_DEVICE_FAMILY = "1,2";
			};
			name = Debug;
		};
		185384D32E6AE0AD006735D8 /* Release */ = {
			isa = XCBuildConfiguration;
			buildSettings = {
				ASSETCATALOG_COMPILER_APPICON_NAME = AppIcon;
				ASSETCATALOG_COMPILER_GLOBAL_ACCENT_COLOR_NAME = AccentColor;
				CODE_SIGN_STYLE = Automatic;
				CURRENT_PROJECT_VERSION = 1;
				DEVELOPMENT_ASSET_PATHS = "\"MVVM-Clean-Architecture-principles-SwiftUI-/Preview Content\"";
				DEVELOPMENT_TEAM = TYXXJDPQ2N;
				ENABLE_PREVIEWS = YES;
				GENERATE_INFOPLIST_FILE = YES;
				INFOPLIST_KEY_UIApplicationSceneManifest_Generation = YES;
				INFOPLIST_KEY_UIApplicationSupportsIndirectInputEvents = YES;
				INFOPLIST_KEY_UILaunchScreen_Generation = YES;
				INFOPLIST_KEY_UISupportedInterfaceOrientations_iPad = "UIInterfaceOrientationPortrait UIInterfaceOrientationPortraitUpsideDown UIInterfaceOrientationLandscapeLeft UIInterfaceOrientationLandscapeRight";
				INFOPLIST_KEY_UISupportedInterfaceOrientations_iPhone = "UIInterfaceOrientationPortrait UIInterfaceOrientationLandscapeLeft UIInterfaceOrientationLandscapeRight";
				LD_RUNPATH_SEARCH_PATHS = (
					"$(inherited)",
					"@executable_path/Frameworks",
				);
				MARKETING_VERSION = 1.0;
				PRODUCT_BUNDLE_IDENTIFIER = "IamSam.MVVM-Clean-Architecture-principles-SwiftUI-";
				PRODUCT_NAME = "$(TARGET_NAME)";
				SWIFT_EMIT_LOC_STRINGS = YES;
				SWIFT_VERSION = 5.0;
				TARGETED_DEVICE_FAMILY = "1,2";
			};
			name = Release;
		};
		185384D52E6AE0AD006735D8 /* Debug */ = {
			isa = XCBuildConfiguration;
			buildSettings = {
				BUNDLE_LOADER = "$(TEST_HOST)";
				CODE_SIGN_STYLE = Automatic;
				CURRENT_PROJECT_VERSION = 1;
				DEVELOPMENT_TEAM = TYXXJDPQ2N;
				GENERATE_INFOPLIST_FILE = YES;
				IPHONEOS_DEPLOYMENT_TARGET = 18.2;
				MARKETING_VERSION = 1.0;
				PRODUCT_BUNDLE_IDENTIFIER = "IamSam.MVVM-Clean-Architecture-principles-SwiftUI-Tests";
				PRODUCT_NAME = "$(TARGET_NAME)";
				SWIFT_EMIT_LOC_STRINGS = NO;
				SWIFT_VERSION = 5.0;
				TARGETED_DEVICE_FAMILY = "1,2";
				TEST_HOST = "$(BUILT_PRODUCTS_DIR)/MVVM-Clean-Architecture-principles-SwiftUI-.app/$(BUNDLE_EXECUTABLE_FOLDER_PATH)/MVVM-Clean-Architecture-principles-SwiftUI-";
			};
			name = Debug;
		};
		185384D62E6AE0AD006735D8 /* Release */ = {
			isa = XCBuildConfiguration;
			buildSettings = {
				BUNDLE_LOADER = "$(TEST_HOST)";
				CODE_SIGN_STYLE = Automatic;
				CURRENT_PROJECT_VERSION = 1;
				DEVELOPMENT_TEAM = TYXXJDPQ2N;
				GENERATE_INFOPLIST_FILE = YES;
				IPHONEOS_DEPLOYMENT_TARGET = 18.2;
				MARKETING_VERSION = 1.0;
				PRODUCT_BUNDLE_IDENTIFIER = "IamSam.MVVM-Clean-Architecture-principles-SwiftUI-Tests";
				PRODUCT_NAME = "$(TARGET_NAME)";
				SWIFT_EMIT_LOC_STRINGS = NO;
				SWIFT_VERSION = 5.0;
				TARGETED_DEVICE_FAMILY = "1,2";
				TEST_HOST = "$(BUILT_PRODUCTS_DIR)/MVVM-Clean-Architecture-principles-SwiftUI-.app/$(BUNDLE_EXECUTABLE_FOLDER_PATH)/MVVM-Clean-Architecture-principles-SwiftUI-";
			};
			name = Release;
		};
		185384D82E6AE0AD006735D8 /* Debug */ = {
			isa = XCBuildConfiguration;
			buildSettings = {
				CODE_SIGN_STYLE = Automatic;
				CURRENT_PROJECT_VERSION = 1;
				DEVELOPMENT_TEAM = TYXXJDPQ2N;
				GENERATE_INFOPLIST_FILE = YES;
				MARKETING_VERSION = 1.0;
				PRODUCT_BUNDLE_IDENTIFIER = "IamSam.MVVM-Clean-Architecture-principles-SwiftUI-UITests";
				PRODUCT_NAME = "$(TARGET_NAME)";
				SWIFT_EMIT_LOC_STRINGS = NO;
				SWIFT_VERSION = 5.0;
				TARGETED_DEVICE_FAMILY = "1,2";
				TEST_TARGET_NAME = "MVVM-Clean-Architecture-principles-SwiftUI-";
			};
			name = Debug;
		};
		185384D92E6AE0AD006735D8 /* Release */ = {
			isa = XCBuildConfiguration;
			buildSettings = {
				CODE_SIGN_STYLE = Automatic;
				CURRENT_PROJECT_VERSION = 1;
				DEVELOPMENT_TEAM = TYXXJDPQ2N;
				GENERATE_INFOPLIST_FILE = YES;
				MARKETING_VERSION = 1.0;
				PRODUCT_BUNDLE_IDENTIFIER = "IamSam.MVVM-Clean-Architecture-principles-SwiftUI-UITests";
				PRODUCT_NAME = "$(TARGET_NAME)";
				SWIFT_EMIT_LOC_STRINGS = NO;
				SWIFT_VERSION = 5.0;
				TARGETED_DEVICE_FAMILY = "1,2";
				TEST_TARGET_NAME = "MVVM-Clean-Architecture-principles-SwiftUI-";
			};
			name = Release;
		};
/* End XCBuildConfiguration section */

/* Begin XCConfigurationList section */
		185384A62E6AE0AC006735D8 /* Build configuration list for PBXProject "MVVM-Clean-Architecture-principles-SwiftUI-" */ = {
			isa = XCConfigurationList;
			buildConfigurations = (
				185384CF2E6AE0AD006735D8 /* Debug */,
				185384D02E6AE0AD006735D8 /* Release */,
			);
			defaultConfigurationIsVisible = 0;
			defaultConfigurationName = Release;
		};
		185384D12E6AE0AD006735D8 /* Build configuration list for PBXNativeTarget "MVVM-Clean-Architecture-principles-SwiftUI-" */ = {
			isa = XCConfigurationList;
			buildConfigurations = (
				185384D22E6AE0AD006735D8 /* Debug */,
				185384D32E6AE0AD006735D8 /* Release */,
			);
			defaultConfigurationIsVisible = 0;
			defaultConfigurationName = Release;
		};
		185384D42E6AE0AD006735D8 /* Build configuration list for PBXNativeTarget "MVVM-Clean-Architecture-principles-SwiftUI-Tests" */ = {
			isa = XCConfigurationList;
			buildConfigurations = (
				185384D52E6AE0AD006735D8 /* Debug */,
				185384D62E6AE0AD006735D8 /* Release */,
			);
			defaultConfigurationIsVisible = 0;
			defaultConfigurationName = Release;
		};
		185384D72E6AE0AD006735D8 /* Build configuration list for PBXNativeTarget "MVVM-Clean-Architecture-principles-SwiftUI-UITests" */ = {
			isa = XCConfigurationList;
			buildConfigurations = (
				185384D82E6AE0AD006735D8 /* Debug */,
				185384D92E6AE0AD006735D8 /* Release */,
			);
			defaultConfigurationIsVisible = 0;
			defaultConfigurationName = Release;
		};
/* End XCConfigurationList section */
	};
	rootObject = 185384A32E6AE0AC006735D8 /* Project object */;
}
